// !$*UTF8*$!
{
	archiveVersion = 1;
	classes = {
	};
	objectVersion = 50;
	objects = {

/* Begin PBXBuildFile section */
		4C3539AE25E1F7F900B24472 /* Array+Only.swift in Sources */ = {isa = PBXBuildFile; fileRef = 4C3539AD25E1F7F900B24472 /* Array+Only.swift */; };
		4C45C1D425E1C020000D573A /* Grid.swift in Sources */ = {isa = PBXBuildFile; fileRef = 4C45C1D325E1C020000D573A /* Grid.swift */; };
		4C45C1D725E1C5B7000D573A /* GridLayout.swift in Sources */ = {isa = PBXBuildFile; fileRef = 4C45C1D625E1C5B7000D573A /* GridLayout.swift */; };
		4C45C1DA25E1DC83000D573A /* Array+Identifiable.swift in Sources */ = {isa = PBXBuildFile; fileRef = 4C45C1D925E1DC83000D573A /* Array+Identifiable.swift */; };
		4C4707FD25EAF54D009723EC /* Pie.swift in Sources */ = {isa = PBXBuildFile; fileRef = 4C4707FC25EAF54D009723EC /* Pie.swift */; };
		4C47080025EB20D5009723EC /* Cardify.swift in Sources */ = {isa = PBXBuildFile; fileRef = 4C4707FF25EB20D5009723EC /* Cardify.swift */; };
		4C6F5C1225D1A8E50044B21B /* MemorizeApp.swift in Sources */ = {isa = PBXBuildFile; fileRef = 4C6F5C1125D1A8E50044B21B /* MemorizeApp.swift */; };
		4C6F5C1425D1A8E50044B21B /* EmojiMemoryGameView.swift in Sources */ = {isa = PBXBuildFile; fileRef = 4C6F5C1325D1A8E50044B21B /* EmojiMemoryGameView.swift */; };
		4C6F5C1625D1A8E70044B21B /* Assets.xcassets in Resources */ = {isa = PBXBuildFile; fileRef = 4C6F5C1525D1A8E70044B21B /* Assets.xcassets */; };
		4C6F5C1925D1A8E70044B21B /* Preview Assets.xcassets in Resources */ = {isa = PBXBuildFile; fileRef = 4C6F5C1825D1A8E70044B21B /* Preview Assets.xcassets */; };
		4C9B34E025D988A800F5A69C /* MemoryGame.swift in Sources */ = {isa = PBXBuildFile; fileRef = 4C9B34DF25D988A800F5A69C /* MemoryGame.swift */; };
		4C9B34E325D98AE800F5A69C /* EmojiMemoryGame.swift in Sources */ = {isa = PBXBuildFile; fileRef = 4C9B34E225D98AE800F5A69C /* EmojiMemoryGame.swift */; };
/* End PBXBuildFile section */

/* Begin PBXFileReference section */
		4C3539AD25E1F7F900B24472 /* Array+Only.swift */ = {isa = PBXFileReference; lastKnownFileType = sourcecode.swift; path = "Array+Only.swift"; sourceTree = "<group>"; };
		4C3539B125E3590B00B24472 /* SwiftUI.framework */ = {isa = PBXFileReference; lastKnownFileType = wrapper.framework; name = SwiftUI.framework; path = System/Library/Frameworks/SwiftUI.framework; sourceTree = SDKROOT; };
		4C45C1D325E1C020000D573A /* Grid.swift */ = {isa = PBXFileReference; lastKnownFileType = sourcecode.swift; path = Grid.swift; sourceTree = "<group>"; };
		4C45C1D625E1C5B7000D573A /* GridLayout.swift */ = {isa = PBXFileReference; fileEncoding = 4; lastKnownFileType = sourcecode.swift; path = GridLayout.swift; sourceTree = "<group>"; };
		4C45C1D925E1DC83000D573A /* Array+Identifiable.swift */ = {isa = PBXFileReference; lastKnownFileType = sourcecode.swift; path = "Array+Identifiable.swift"; sourceTree = "<group>"; };
		4C4707FC25EAF54D009723EC /* Pie.swift */ = {isa = PBXFileReference; lastKnownFileType = sourcecode.swift; name = Pie.swift; path = Memorize/Views/Pie.swift; sourceTree = SOURCE_ROOT; };
		4C4707FF25EB20D5009723EC /* Cardify.swift */ = {isa = PBXFileReference; lastKnownFileType = sourcecode.swift; path = Cardify.swift; sourceTree = "<group>"; };
		4C6F5C0E25D1A8E50044B21B /* Memorize.app */ = {isa = PBXFileReference; explicitFileType = wrapper.application; includeInIndex = 0; path = Memorize.app; sourceTree = BUILT_PRODUCTS_DIR; };
		4C6F5C1125D1A8E50044B21B /* MemorizeApp.swift */ = {isa = PBXFileReference; lastKnownFileType = sourcecode.swift; path = MemorizeApp.swift; sourceTree = "<group>"; };
		4C6F5C1325D1A8E50044B21B /* EmojiMemoryGameView.swift */ = {isa = PBXFileReference; lastKnownFileType = sourcecode.swift; path = EmojiMemoryGameView.swift; sourceTree = "<group>"; };
		4C6F5C1525D1A8E70044B21B /* Assets.xcassets */ = {isa = PBXFileReference; lastKnownFileType = folder.assetcatalog; path = Assets.xcassets; sourceTree = "<group>"; };
		4C6F5C1825D1A8E70044B21B /* Preview Assets.xcassets */ = {isa = PBXFileReference; lastKnownFileType = folder.assetcatalog; path = "Preview Assets.xcassets"; sourceTree = "<group>"; };
		4C6F5C1A25D1A8E70044B21B /* Info.plist */ = {isa = PBXFileReference; lastKnownFileType = text.plist.xml; path = Info.plist; sourceTree = "<group>"; };
		4C9B34DF25D988A800F5A69C /* MemoryGame.swift */ = {isa = PBXFileReference; lastKnownFileType = sourcecode.swift; path = MemoryGame.swift; sourceTree = "<group>"; };
		4C9B34E225D98AE800F5A69C /* EmojiMemoryGame.swift */ = {isa = PBXFileReference; lastKnownFileType = sourcecode.swift; path = EmojiMemoryGame.swift; sourceTree = "<group>"; };
/* End PBXFileReference section */

/* Begin PBXFrameworksBuildPhase section */
		4C6F5C0B25D1A8E50044B21B /* Frameworks */ = {
			isa = PBXFrameworksBuildPhase;
			buildActionMask = 2147483647;
			files = (
			);
			runOnlyForDeploymentPostprocessing = 0;
		};
/* End PBXFrameworksBuildPhase section */

/* Begin PBXGroup section */
		4C3539B025E3590B00B24472 /* Frameworks */ = {
			isa = PBXGroup;
			children = (
				4C3539B125E3590B00B24472 /* SwiftUI.framework */,
			);
			name = Frameworks;
			sourceTree = "<group>";
		};
		4C6F5C0525D1A8E50044B21B = {
			isa = PBXGroup;
			children = (
				4C6F5C1025D1A8E50044B21B /* Memorize */,
				4C6F5C0F25D1A8E50044B21B /* Products */,
				4C3539B025E3590B00B24472 /* Frameworks */,
			);
			sourceTree = "<group>";
		};
		4C6F5C0F25D1A8E50044B21B /* Products */ = {
			isa = PBXGroup;
			children = (
				4C6F5C0E25D1A8E50044B21B /* Memorize.app */,
			);
			name = Products;
			sourceTree = "<group>";
		};
		4C6F5C1025D1A8E50044B21B /* Memorize */ = {
			isa = PBXGroup;
			children = (
				4C6F5C1125D1A8E50044B21B /* MemorizeApp.swift */,
				4CD6D28925F5DE3E00C63F9C /* Model */,
				4CD6D28825F5DE0500C63F9C /* View-model */,
				4CD6D28725F5DDFB00C63F9C /* Views */,
				4C6F5C1525D1A8E70044B21B /* Assets.xcassets */,
				4C6F5C1A25D1A8E70044B21B /* Info.plist */,
				4C6F5C1725D1A8E70044B21B /* Preview Content */,
			);
			path = Memorize;
			sourceTree = "<group>";
		};
		4C6F5C1725D1A8E70044B21B /* Preview Content */ = {
			isa = PBXGroup;
			children = (
				4C6F5C1825D1A8E70044B21B /* Preview Assets.xcassets */,
			);
			path = "Preview Content";
			sourceTree = "<group>";
		};
		4CD6D28725F5DDFB00C63F9C /* Views */ = {
			isa = PBXGroup;
			children = (
				4C4707FF25EB20D5009723EC /* Cardify.swift */,
				4C6F5C1325D1A8E50044B21B /* EmojiMemoryGameView.swift */,
				4C45C1D325E1C020000D573A /* Grid.swift */,
				4C45C1D625E1C5B7000D573A /* GridLayout.swift */,
				4C4707FC25EAF54D009723EC /* Pie.swift */,
			);
			path = Views;
			sourceTree = "<group>";
		};
		4CD6D28825F5DE0500C63F9C /* View-model */ = {
			isa = PBXGroup;
			children = (
				4C9B34E225D98AE800F5A69C /* EmojiMemoryGame.swift */,
			);
			path = "View-model";
			sourceTree = "<group>";
		};
		4CD6D28925F5DE3E00C63F9C /* Model */ = {
			isa = PBXGroup;
			children = (
				4C9B34DF25D988A800F5A69C /* MemoryGame.swift */,
				4C45C1D925E1DC83000D573A /* Array+Identifiable.swift */,
				4C3539AD25E1F7F900B24472 /* Array+Only.swift */,
			);
			path = Model;
			sourceTree = "<group>";
		};
/* End PBXGroup section */

/* Begin PBXNativeTarget section */
		4C6F5C0D25D1A8E50044B21B /* Memorize */ = {
			isa = PBXNativeTarget;
			buildConfigurationList = 4C6F5C1D25D1A8E70044B21B /* Build configuration list for PBXNativeTarget "Memorize" */;
			buildPhases = (
				4C6F5C0A25D1A8E50044B21B /* Sources */,
				4C6F5C0B25D1A8E50044B21B /* Frameworks */,
				4C6F5C0C25D1A8E50044B21B /* Resources */,
			);
			buildRules = (
			);
			dependencies = (
			);
			name = Memorize;
			productName = Memorize;
			productReference = 4C6F5C0E25D1A8E50044B21B /* Memorize.app */;
			productType = "com.apple.product-type.application";
		};
/* End PBXNativeTarget section */

/* Begin PBXProject section */
		4C6F5C0625D1A8E50044B21B /* Project object */ = {
			isa = PBXProject;
			attributes = {
				LastSwiftUpdateCheck = 1240;
				LastUpgradeCheck = 1240;
				TargetAttributes = {
					4C6F5C0D25D1A8E50044B21B = {
						CreatedOnToolsVersion = 12.4;
					};
				};
			};
			buildConfigurationList = 4C6F5C0925D1A8E50044B21B /* Build configuration list for PBXProject "Memorize" */;
			compatibilityVersion = "Xcode 9.3";
			developmentRegion = en;
			hasScannedForEncodings = 0;
			knownRegions = (
				en,
				Base,
			);
			mainGroup = 4C6F5C0525D1A8E50044B21B;
			productRefGroup = 4C6F5C0F25D1A8E50044B21B /* Products */;
			projectDirPath = "";
			projectRoot = "";
			targets = (
				4C6F5C0D25D1A8E50044B21B /* Memorize */,
			);
		};
/* End PBXProject section */

/* Begin PBXResourcesBuildPhase section */
		4C6F5C0C25D1A8E50044B21B /* Resources */ = {
			isa = PBXResourcesBuildPhase;
			buildActionMask = 2147483647;
			files = (
				4C6F5C1925D1A8E70044B21B /* Preview Assets.xcassets in Resources */,
				4C6F5C1625D1A8E70044B21B /* Assets.xcassets in Resources */,
			);
			runOnlyForDeploymentPostprocessing = 0;
		};
/* End PBXResourcesBuildPhase section */

/* Begin PBXSourcesBuildPhase section */
		4C6F5C0A25D1A8E50044B21B /* Sources */ = {
			isa = PBXSourcesBuildPhase;
			buildActionMask = 2147483647;
			files = (
				4C9B34E025D988A800F5A69C /* MemoryGame.swift in Sources */,
				4C6F5C1425D1A8E50044B21B /* EmojiMemoryGameView.swift in Sources */,
				4C6F5C1225D1A8E50044B21B /* MemorizeApp.swift in Sources */,
				4C4707FD25EAF54D009723EC /* Pie.swift in Sources */,
				4C45C1D725E1C5B7000D573A /* GridLayout.swift in Sources */,
				4C45C1D425E1C020000D573A /* Grid.swift in Sources */,
				4C45C1DA25E1DC83000D573A /* Array+Identifiable.swift in Sources */,
				4C9B34E325D98AE800F5A69C /* EmojiMemoryGame.swift in Sources */,
				4C47080025EB20D5009723EC /* Cardify.swift in Sources */,
				4C3539AE25E1F7F900B24472 /* Array+Only.swift in Sources */,
			);
			runOnlyForDeploymentPostprocessing = 0;
		};
/* End PBXSourcesBuildPhase section */

/* Begin XCBuildConfiguration section */
		4C6F5C1B25D1A8E70044B21B /* Debug */ = {
			isa = XCBuildConfiguration;
			buildSettings = {
				ALWAYS_SEARCH_USER_PATHS = NO;
				CLANG_ANALYZER_NONNULL = YES;
				CLANG_ANALYZER_NUMBER_OBJECT_CONVERSION = YES_AGGRESSIVE;
				CLANG_CXX_LANGUAGE_STANDARD = "gnu++14";
				CLANG_CXX_LIBRARY = "libc++";
				CLANG_ENABLE_MODULES = YES;
				CLANG_ENABLE_OBJC_ARC = YES;
				CLANG_ENABLE_OBJC_WEAK = YES;
				CLANG_WARN_BLOCK_CAPTURE_AUTORELEASING = YES;
				CLANG_WARN_BOOL_CONVERSION = YES;
				CLANG_WARN_COMMA = YES;
				CLANG_WARN_CONSTANT_CONVERSION = YES;
				CLANG_WARN_DEPRECATED_OBJC_IMPLEMENTATIONS = YES;
				CLANG_WARN_DIRECT_OBJC_ISA_USAGE = YES_ERROR;
				CLANG_WARN_DOCUMENTATION_COMMENTS = YES;
				CLANG_WARN_EMPTY_BODY = YES;
				CLANG_WARN_ENUM_CONVERSION = YES;
				CLANG_WARN_INFINITE_RECURSION = YES;
				CLANG_WARN_INT_CONVERSION = YES;
				CLANG_WARN_NON_LITERAL_NULL_CONVERSION = YES;
				CLANG_WARN_OBJC_IMPLICIT_RETAIN_SELF = YES;
				CLANG_WARN_OBJC_LITERAL_CONVERSION = YES;
				CLANG_WARN_OBJC_ROOT_CLASS = YES_ERROR;
				CLANG_WARN_QUOTED_INCLUDE_IN_FRAMEWORK_HEADER = YES;
				CLANG_WARN_RANGE_LOOP_ANALYSIS = YES;
				CLANG_WARN_STRICT_PROTOTYPES = YES;
				CLANG_WARN_SUSPICIOUS_MOVE = YES;
				CLANG_WARN_UNGUARDED_AVAILABILITY = YES_AGGRESSIVE;
				CLANG_WARN_UNREACHABLE_CODE = YES;
				CLANG_WARN__DUPLICATE_METHOD_MATCH = YES;
				COPY_PHASE_STRIP = NO;
				DEBUG_INFORMATION_FORMAT = dwarf;
				ENABLE_STRICT_OBJC_MSGSEND = YES;
				ENABLE_TESTABILITY = YES;
				GCC_C_LANGUAGE_STANDARD = gnu11;
				GCC_DYNAMIC_NO_PIC = NO;
				GCC_NO_COMMON_BLOCKS = YES;
				GCC_OPTIMIZATION_LEVEL = 0;
				GCC_PREPROCESSOR_DEFINITIONS = (
					"DEBUG=1",
					"$(inherited)",
				);
				GCC_WARN_64_TO_32_BIT_CONVERSION = YES;
				GCC_WARN_ABOUT_RETURN_TYPE = YES_ERROR;
				GCC_WARN_UNDECLARED_SELECTOR = YES;
				GCC_WARN_UNINITIALIZED_AUTOS = YES_AGGRESSIVE;
				GCC_WARN_UNUSED_FUNCTION = YES;
				GCC_WARN_UNUSED_VARIABLE = YES;
				IPHONEOS_DEPLOYMENT_TARGET = 14.4;
				MTL_ENABLE_DEBUG_INFO = INCLUDE_SOURCE;
				MTL_FAST_MATH = YES;
				ONLY_ACTIVE_ARCH = YES;
				SDKROOT = iphoneos;
				SWIFT_ACTIVE_COMPILATION_CONDITIONS = DEBUG;
				SWIFT_OPTIMIZATION_LEVEL = "-Onone";
			};
			name = Debug;
		};
		4C6F5C1C25D1A8E70044B21B /* Release */ = {
			isa = XCBuildConfiguration;
			buildSettings = {
				ALWAYS_SEARCH_USER_PATHS = NO;
				CLANG_ANALYZER_NONNULL = YES;
				CLANG_ANALYZER_NUMBER_OBJECT_CONVERSION = YES_AGGRESSIVE;
				CLANG_CXX_LANGUAGE_STANDARD = "gnu++14";
				CLANG_CXX_LIBRARY = "libc++";
				CLANG_ENABLE_MODULES = YES;
				CLANG_ENABLE_OBJC_ARC = YES;
				CLANG_ENABLE_OBJC_WEAK = YES;
				CLANG_WARN_BLOCK_CAPTURE_AUTORELEASING = YES;
				CLANG_WARN_BOOL_CONVERSION = YES;
				CLANG_WARN_COMMA = YES;
				CLANG_WARN_CONSTANT_CONVERSION = YES;
				CLANG_WARN_DEPRECATED_OBJC_IMPLEMENTATIONS = YES;
				CLANG_WARN_DIRECT_OBJC_ISA_USAGE = YES_ERROR;
				CLANG_WARN_DOCUMENTATION_COMMENTS = YES;
				CLANG_WARN_EMPTY_BODY = YES;
				CLANG_WARN_ENUM_CONVERSION = YES;
				CLANG_WARN_INFINITE_RECURSION = YES;
				CLANG_WARN_INT_CONVERSION = YES;
				CLANG_WARN_NON_LITERAL_NULL_CONVERSION = YES;
				CLANG_WARN_OBJC_IMPLICIT_RETAIN_SELF = YES;
				CLANG_WARN_OBJC_LITERAL_CONVERSION = YES;
				CLANG_WARN_OBJC_ROOT_CLASS = YES_ERROR;
				CLANG_WARN_QUOTED_INCLUDE_IN_FRAMEWORK_HEADER = YES;
				CLANG_WARN_RANGE_LOOP_ANALYSIS = YES;
				CLANG_WARN_STRICT_PROTOTYPES = YES;
				CLANG_WARN_SUSPICIOUS_MOVE = YES;
				CLANG_WARN_UNGUARDED_AVAILABILITY = YES_AGGRESSIVE;
				CLANG_WARN_UNREACHABLE_CODE = YES;
				CLANG_WARN__DUPLICATE_METHOD_MATCH = YES;
				COPY_PHASE_STRIP = NO;
				DEBUG_INFORMATION_FORMAT = "dwarf-with-dsym";
				ENABLE_NS_ASSERTIONS = NO;
				ENABLE_STRICT_OBJC_MSGSEND = YES;
				GCC_C_LANGUAGE_STANDARD = gnu11;
				GCC_NO_COMMON_BLOCKS = YES;
				GCC_WARN_64_TO_32_BIT_CONVERSION = YES;
				GCC_WARN_ABOUT_RETURN_TYPE = YES_ERROR;
				GCC_WARN_UNDECLARED_SELECTOR = YES;
				GCC_WARN_UNINITIALIZED_AUTOS = YES_AGGRESSIVE;
				GCC_WARN_UNUSED_FUNCTION = YES;
				GCC_WARN_UNUSED_VARIABLE = YES;
				IPHONEOS_DEPLOYMENT_TARGET = 14.4;
				MTL_ENABLE_DEBUG_INFO = NO;
				MTL_FAST_MATH = YES;
				SDKROOT = iphoneos;
				SWIFT_COMPILATION_MODE = wholemodule;
				SWIFT_OPTIMIZATION_LEVEL = "-O";
				VALIDATE_PRODUCT = YES;
			};
			name = Release;
		};
		4C6F5C1E25D1A8E70044B21B /* Debug */ = {
			isa = XCBuildConfiguration;
			buildSettings = {
				ASSETCATALOG_COMPILER_APPICON_NAME = AppIcon;
				ASSETCATALOG_COMPILER_GLOBAL_ACCENT_COLOR_NAME = AccentColor;
				CODE_SIGN_STYLE = Automatic;
				DEVELOPMENT_ASSET_PATHS = "\"Memorize/Preview Content\"";
				DEVELOPMENT_TEAM = D98R449JMN;
				ENABLE_PREVIEWS = YES;
				INFOPLIST_FILE = Memorize/Info.plist;
				IPHONEOS_DEPLOYMENT_TARGET = 14.0;
				LD_RUNPATH_SEARCH_PATHS = (
					"$(inherited)",
					"@executable_path/Frameworks",
				);
				PRODUCT_BUNDLE_IDENTIFIER = com.gabrielcaron.Memorize;
				PRODUCT_NAME = "$(TARGET_NAME)";
				SWIFT_VERSION = 5.0;
				TARGETED_DEVICE_FAMILY = "1,2";
			};
			name = Debug;
		};
		4C6F5C1F25D1A8E70044B21B /* Release */ = {
			isa = XCBuildConfiguration;
			buildSettings = {
				ASSETCATALOG_COMPILER_APPICON_NAME = AppIcon;
				ASSETCATALOG_COMPILER_GLOBAL_ACCENT_COLOR_NAME = AccentColor;
				CODE_SIGN_STYLE = Automatic;
				DEVELOPMENT_ASSET_PATHS = "\"Memorize/Preview Content\"";
				DEVELOPMENT_TEAM = D98R449JMN;
				ENABLE_PREVIEWS = YES;
				INFOPLIST_FILE = Memorize/Info.plist;
				IPHONEOS_DEPLOYMENT_TARGET = 14.0;
				LD_RUNPATH_SEARCH_PATHS = (
					"$(inherited)",
					"@executable_path/Frameworks",
				);
				PRODUCT_BUNDLE_IDENTIFIER = com.gabrielcaron.Memorize;
				PRODUCT_NAME = "$(TARGET_NAME)";
				SWIFT_VERSION = 5.0;
				TARGETED_DEVICE_FAMILY = "1,2";
			};
			name = Release;
		};
/* End XCBuildConfiguration section */

/* Begin XCConfigurationList section */
		4C6F5C0925D1A8E50044B21B /* Build configuration list for PBXProject "Memorize" */ = {
			isa = XCConfigurationList;
			buildConfigurations = (
				4C6F5C1B25D1A8E70044B21B /* Debug */,
				4C6F5C1C25D1A8E70044B21B /* Release */,
			);
			defaultConfigurationIsVisible = 0;
			defaultConfigurationName = Release;
		};
		4C6F5C1D25D1A8E70044B21B /* Build configuration list for PBXNativeTarget "Memorize" */ = {
			isa = XCConfigurationList;
			buildConfigurations = (
				4C6F5C1E25D1A8E70044B21B /* Debug */,
				4C6F5C1F25D1A8E70044B21B /* Release */,
			);
			defaultConfigurationIsVisible = 0;
			defaultConfigurationName = Release;
		};
/* End XCConfigurationList section */
	};
	rootObject = 4C6F5C0625D1A8E50044B21B /* Project object */;
}
